{
  "meteor": {},
  "dependencies": {
    "basePackages": {
      "accounts-admin-ui": {},
      "router": {},
      "iron-router": {}
    },
    "packages": {
      "accounts-admin-ui": {
        "git": "https://github.com/kenyee/meteor-accounts-admin-ui.git",
        "tag": "v1.0.6",
        "commit": "54391c3adc6d76731a7e203f14500a9d46ce7d91"
      },
      "router": {
        "git": "https://github.com/tmeasday/meteor-router.git",
        "tag": "v0.6.1",
        "commit": "8ec75fec7affdefc787d19f23b36fd6d1d44ef04"
      },
      "iron-router": {
        "git": "https://github.com/EventedMind/iron-router.git",
        "tag": "v0.7.1",
        "commit": "d1ffb3f06ea4c112132b030f2eb1a70b81675ecb"
      },
      "jquery-ui": {
        "git": "https://github.com/TimHeckel/meteor-jquery-ui.git",
        "tag": "v1.9.2",
        "commit": "c437d45edcf1367df8d5ffa8bad2867758030bd2"
      },
      "jqbootstrapvalidation": {
        "git": "https://github.com/nate-strauser/meteor-jqbootstrapvalidation.git",
        "tag": "v0.1.0",
        "commit": "2af4625d41a9b24311544a53790f14fa38c27b10"
      },
      "roles": {
        "git": "https://github.com/alanning/meteor-roles.git",
        "tag": "v1.2.8",
        "commit": "68844ba216c348d332bdb840825850f497f515bb"
      },
      "page-js-ie-support": {
        "git": "https://github.com/tmeasday/meteor-page-js-ie-support.git",
        "tag": "v1.3.5",
        "commit": "b99ed8380aefd10b2afc8f18d9eed4dd0d8ea9cb"
      },
      "HTML5-History-API": {
        "git": "https://github.com/tmeasday/meteor-HTML5-History-API.git",
        "tag": "v4.1.2",
        "commit": "b5fca79f9ae8936e5f748a04f475295f4fa1cc7a"
      },
      "blaze-layout": {
        "git": "https://github.com/EventedMind/blaze-layout.git",
        "tag": "v0.2.4",
        "commit": "b40e9b0612329288d75cf52ad14a7da64bb8618f"
      }
    }
  }
}
